
Microsoft Visual Studio Solution File, Format Version 12.00
# Visual Studio 2015
Project("{FAE04EC0-301F-11D3-BF4B-00C04F79EFBC}") = "EndlessRunner.CSharp.Plugins", "EndlessRunner.CSharp.Plugins.csproj", "{C1AC3A83-0F0D-7D27-C7BA-EFE3919560BE}"
EndProject
Project("{FAE04EC0-301F-11D3-BF4B-00C04F79EFBC}") = "EndlessRunner.CSharp", "EndlessRunner.CSharp.csproj", "{4DCBDA0D-C6ED-5E2C-56B5-FF2C944AF300}"
EndProject
Project("{FAE04EC0-301F-11D3-BF4B-00C04F79EFBC}") = "EndlessRunner.CSharp.Editor", "EndlessRunner.CSharp.Editor.csproj", "{6788FA2D-2708-0F40-593A-4BE70A3D6603}"
EndProject
Global
	GlobalSection(SolutionConfigurationPlatforms) = preSolution
		Debug|Any CPU = Debug|Any CPU
		Release|Any CPU = Release|Any CPU
	EndGlobalSection
	GlobalSection(ProjectConfigurationPlatforms) = postSolution
		{C1AC3A83-0F0D-7D27-C7BA-EFE3919560BE}.Debug|Any CPU.ActiveCfg = Debug|Any CPU
		{C1AC3A83-0F0D-7D27-C7BA-EFE3919560BE}.Debug|Any CPU.Build.0 = Debug|Any CPU
		{C1AC3A83-0F0D-7D27-C7BA-EFE3919560BE}.Release|Any CPU.ActiveCfg = Release|Any CPU
		{C1AC3A83-0F0D-7D27-C7BA-EFE3919560BE}.Release|Any CPU.Build.0 = Release|Any CPU
		{4DCBDA0D-C6ED-5E2C-56B5-FF2C944AF300}.Debug|Any CPU.ActiveCfg = Debug|Any CPU
		{4DCBDA0D-C6ED-5E2C-56B5-FF2C944AF300}.Debug|Any CPU.Build.0 = Debug|Any CPU
		{4DCBDA0D-C6ED-5E2C-56B5-FF2C944AF300}.Release|Any CPU.ActiveCfg = Release|Any CPU
		{4DCBDA0D-C6ED-5E2C-56B5-FF2C944AF300}.Release|Any CPU.Build.0 = Release|Any CPU
		{6788FA2D-2708-0F40-593A-4BE70A3D6603}.Debug|Any CPU.ActiveCfg = Debug|Any CPU
		{6788FA2D-2708-0F40-593A-4BE70A3D6603}.Debug|Any CPU.Build.0 = Debug|Any CPU
		{6788FA2D-2708-0F40-593A-4BE70A3D6603}.Release|Any CPU.ActiveCfg = Release|Any CPU
		{6788FA2D-2708-0F40-593A-4BE70A3D6603}.Release|Any CPU.Build.0 = Release|Any CPU
	EndGlobalSection
	GlobalSection(SolutionProperties) = preSolution
		HideSolutionNode = FALSE
	EndGlobalSection
EndGlobal
